// !$*UTF8*$!
{
	archiveVersion = 1;
	classes = {
	};
	objectVersion = 46;
	objects = {

/* Begin PBXBuildFile section */
		11681E4D1B0BC29C0088B18E /* main.m in Sources */ = {isa = PBXBuildFile; fileRef = 11681E4C1B0BC29C0088B18E /* main.m */; };
		11681E501B0BC29C0088B18E /* AppDelegate.m in Sources */ = {isa = PBXBuildFile; fileRef = 11681E4F1B0BC29C0088B18E /* AppDelegate.m */; };
		11681E561B0BC29C0088B18E /* Main.storyboard in Resources */ = {isa = PBXBuildFile; fileRef = 11681E541B0BC29C0088B18E /* Main.storyboard */; };
		11681E581B0BC29C0088B18E /* Images.xcassets in Resources */ = {isa = PBXBuildFile; fileRef = 11681E571B0BC29C0088B18E /* Images.xcassets */; };
		11681E671B0BC29C0088B18E /* FallbackTableExampleTests.m in Sources */ = {isa = PBXBuildFile; fileRef = 11681E661B0BC29C0088B18E /* FallbackTableExampleTests.m */; };
		11681E761B0BC36D0088B18E /* FallbackTableViewController.m in Sources */ = {isa = PBXBuildFile; fileRef = 11681E721B0BC36D0088B18E /* FallbackTableViewController.m */; };
		11681E771B0BC36D0088B18E /* FallbackView.m in Sources */ = {isa = PBXBuildFile; fileRef = 11681E741B0BC36D0088B18E /* FallbackView.m */; };
		11681E781B0BC36D0088B18E /* FallbackView.xib in Resources */ = {isa = PBXBuildFile; fileRef = 11681E751B0BC36D0088B18E /* FallbackView.xib */; };
		11681E7B1B0BC3A90088B18E /* MyTableViewController.m in Sources */ = {isa = PBXBuildFile; fileRef = 11681E7A1B0BC3A90088B18E /* MyTableViewController.m */; };
		11681E7D1B0BC3D20088B18E /* LaunchScreen.storyboard in Resources */ = {isa = PBXBuildFile; fileRef = 11681E7C1B0BC3D20088B18E /* LaunchScreen.storyboard */; };
/* End PBXBuildFile section */

/* Begin PBXContainerItemProxy section */
		11681E611B0BC29C0088B18E /* PBXContainerItemProxy */ = {
			isa = PBXContainerItemProxy;
			containerPortal = 11681E3F1B0BC29C0088B18E /* Project object */;
			proxyType = 1;
			remoteGlobalIDString = 11681E461B0BC29C0088B18E;
			remoteInfo = FallbackTableExample;
		};
/* End PBXContainerItemProxy section */

/* Begin PBXFileReference section */
		11681E471B0BC29C0088B18E /* FallbackTableExample.app */ = {isa = PBXFileReference; explicitFileType = wrapper.application; includeInIndex = 0; path = FallbackTableExample.app; sourceTree = BUILT_PRODUCTS_DIR; };
		11681E4B1B0BC29C0088B18E /* Info.plist */ = {isa = PBXFileReference; lastKnownFileType = text.plist.xml; path = Info.plist; sourceTree = "<group>"; };
		11681E4C1B0BC29C0088B18E /* main.m */ = {isa = PBXFileReference; lastKnownFileType = sourcecode.c.objc; path = main.m; sourceTree = "<group>"; };
		11681E4E1B0BC29C0088B18E /* AppDelegate.h */ = {isa = PBXFileReference; lastKnownFileType = sourcecode.c.h; path = AppDelegate.h; sourceTree = "<group>"; };
		11681E4F1B0BC29C0088B18E /* AppDelegate.m */ = {isa = PBXFileReference; lastKnownFileType = sourcecode.c.objc; path = AppDelegate.m; sourceTree = "<group>"; };
		11681E551B0BC29C0088B18E /* Base */ = {isa = PBXFileReference; lastKnownFileType = file.storyboard; name = Base; path = Base.lproj/Main.storyboard; sourceTree = "<group>"; };
		11681E571B0BC29C0088B18E /* Images.xcassets */ = {isa = PBXFileReference; lastKnownFileType = folder.assetcatalog; path = Images.xcassets; sourceTree = "<group>"; };
		11681E601B0BC29C0088B18E /* FallbackTableExampleTests.xctest */ = {isa = PBXFileReference; explicitFileType = wrapper.cfbundle; includeInIndex = 0; path = FallbackTableExampleTests.xctest; sourceTree = BUILT_PRODUCTS_DIR; };
		11681E651B0BC29C0088B18E /* Info.plist */ = {isa = PBXFileReference; lastKnownFileType = text.plist.xml; path = Info.plist; sourceTree = "<group>"; };
		11681E661B0BC29C0088B18E /* FallbackTableExampleTests.m */ = {isa = PBXFileReference; lastKnownFileType = sourcecode.c.objc; path = FallbackTableExampleTests.m; sourceTree = "<group>"; };
		11681E711B0BC36D0088B18E /* FallbackTableViewController.h */ = {isa = PBXFileReference; fileEncoding = 4; lastKnownFileType = sourcecode.c.h; path = FallbackTableViewController.h; sourceTree = "<group>"; };
		11681E721B0BC36D0088B18E /* FallbackTableViewController.m */ = {isa = PBXFileReference; fileEncoding = 4; lastKnownFileType = sourcecode.c.objc; path = FallbackTableViewController.m; sourceTree = "<group>"; };
		11681E731B0BC36D0088B18E /* FallbackView.h */ = {isa = PBXFileReference; fileEncoding = 4; lastKnownFileType = sourcecode.c.h; path = FallbackView.h; sourceTree = "<group>"; };
		11681E741B0BC36D0088B18E /* FallbackView.m */ = {isa = PBXFileReference; fileEncoding = 4; lastKnownFileType = sourcecode.c.objc; path = FallbackView.m; sourceTree = "<group>"; };
		11681E751B0BC36D0088B18E /* FallbackView.xib */ = {isa = PBXFileReference; fileEncoding = 4; lastKnownFileType = file.xib; path = FallbackView.xib; sourceTree = "<group>"; };
		11681E791B0BC3A90088B18E /* MyTableViewController.h */ = {isa = PBXFileReference; fileEncoding = 4; lastKnownFileType = sourcecode.c.h; path = MyTableViewController.h; sourceTree = "<group>"; };
		11681E7A1B0BC3A90088B18E /* MyTableViewController.m */ = {isa = PBXFileReference; fileEncoding = 4; lastKnownFileType = sourcecode.c.objc; path = MyTableViewController.m; sourceTree = "<group>"; };
		11681E7C1B0BC3D20088B18E /* LaunchScreen.storyboard */ = {isa = PBXFileReference; fileEncoding = 4; lastKnownFileType = file.storyboard; path = LaunchScreen.storyboard; sourceTree = "<group>"; };
/* End PBXFileReference section */

/* Begin PBXFrameworksBuildPhase section */
		11681E441B0BC29C0088B18E /* Frameworks */ = {
			isa = PBXFrameworksBuildPhase;
			buildActionMask = 2147483647;
			files = (
			);
			runOnlyForDeploymentPostprocessing = 0;
		};
		11681E5D1B0BC29C0088B18E /* Frameworks */ = {
			isa = PBXFrameworksBuildPhase;
			buildActionMask = 2147483647;
			files = (
			);
			runOnlyForDeploymentPostprocessing = 0;
		};
/* End PBXFrameworksBuildPhase section */

/* Begin PBXGroup section */
		11681E3E1B0BC29C0088B18E = {
			isa = PBXGroup;
			children = (
				11681E491B0BC29C0088B18E /* FallbackTableExample */,
				11681E631B0BC29C0088B18E /* FallbackTableExampleTests */,
				11681E481B0BC29C0088B18E /* Products */,
			);
			sourceTree = "<group>";
		};
		11681E481B0BC29C0088B18E /* Products */ = {
			isa = PBXGroup;
			children = (
				11681E471B0BC29C0088B18E /* FallbackTableExample.app */,
				11681E601B0BC29C0088B18E /* FallbackTableExampleTests.xctest */,
			);
			name = Products;
			sourceTree = "<group>";
		};
		11681E491B0BC29C0088B18E /* FallbackTableExample */ = {
			isa = PBXGroup;
			children = (
				11681E701B0BC36D0088B18E /* FallbackTable */,
				11681E4E1B0BC29C0088B18E /* AppDelegate.h */,
				11681E4F1B0BC29C0088B18E /* AppDelegate.m */,
				11681E541B0BC29C0088B18E /* Main.storyboard */,
				11681E571B0BC29C0088B18E /* Images.xcassets */,
				11681E7C1B0BC3D20088B18E /* LaunchScreen.storyboard */,
				11681E791B0BC3A90088B18E /* MyTableViewController.h */,
				11681E7A1B0BC3A90088B18E /* MyTableViewController.m */,
				11681E4A1B0BC29C0088B18E /* Supporting Files */,
			);
			path = FallbackTableExample;
			sourceTree = "<group>";
		};
		11681E4A1B0BC29C0088B18E /* Supporting Files */ = {
			isa = PBXGroup;
			children = (
				11681E4B1B0BC29C0088B18E /* Info.plist */,
				11681E4C1B0BC29C0088B18E /* main.m */,
			);
			name = "Supporting Files";
			sourceTree = "<group>";
		};
		11681E631B0BC29C0088B18E /* FallbackTableExampleTests */ = {
			isa = PBXGroup;
			children = (
				11681E661B0BC29C0088B18E /* FallbackTableExampleTests.m */,
				11681E641B0BC29C0088B18E /* Supporting Files */,
			);
			path = FallbackTableExampleTests;
			sourceTree = "<group>";
		};
		11681E641B0BC29C0088B18E /* Supporting Files */ = {
			isa = PBXGroup;
			children = (
				11681E651B0BC29C0088B18E /* Info.plist */,
			);
			name = "Supporting Files";
			sourceTree = "<group>";
		};
		11681E701B0BC36D0088B18E /* FallbackTable */ = {
			isa = PBXGroup;
			children = (
				11681E711B0BC36D0088B18E /* FallbackTableViewController.h */,
				11681E721B0BC36D0088B18E /* FallbackTableViewController.m */,
				11681E731B0BC36D0088B18E /* FallbackView.h */,
				11681E741B0BC36D0088B18E /* FallbackView.m */,
				11681E751B0BC36D0088B18E /* FallbackView.xib */,
			);
			path = FallbackTable;
			sourceTree = SOURCE_ROOT;
		};
/* End PBXGroup section */

/* Begin PBXNativeTarget section */
		11681E461B0BC29C0088B18E /* FallbackTableExample */ = {
			isa = PBXNativeTarget;
			buildConfigurationList = 11681E6A1B0BC29C0088B18E /* Build configuration list for PBXNativeTarget "FallbackTableExample" */;
			buildPhases = (
				11681E431B0BC29C0088B18E /* Sources */,
				11681E441B0BC29C0088B18E /* Frameworks */,
				11681E451B0BC29C0088B18E /* Resources */,
			);
			buildRules = (
			);
			dependencies = (
			);
			name = FallbackTableExample;
			productName = FallbackTableExample;
			productReference = 11681E471B0BC29C0088B18E /* FallbackTableExample.app */;
			productType = "com.apple.product-type.application";
		};
		11681E5F1B0BC29C0088B18E /* FallbackTableExampleTests */ = {
			isa = PBXNativeTarget;
			buildConfigurationList = 11681E6D1B0BC29C0088B18E /* Build configuration list for PBXNativeTarget "FallbackTableExampleTests" */;
			buildPhases = (
				11681E5C1B0BC29C0088B18E /* Sources */,
				11681E5D1B0BC29C0088B18E /* Frameworks */,
				11681E5E1B0BC29C0088B18E /* Resources */,
			);
			buildRules = (
			);
			dependencies = (
				11681E621B0BC29C0088B18E /* PBXTargetDependency */,
			);
			name = FallbackTableExampleTests;
			productName = FallbackTableExampleTests;
			productReference = 11681E601B0BC29C0088B18E /* FallbackTableExampleTests.xctest */;
			productType = "com.apple.product-type.bundle.unit-test";
		};
/* End PBXNativeTarget section */

/* Begin PBXProject section */
		11681E3F1B0BC29C0088B18E /* Project object */ = {
			isa = PBXProject;
			attributes = {
				LastUpgradeCheck = 0630;
				ORGANIZATIONNAME = "Phillip Harris";
				TargetAttributes = {
					11681E461B0BC29C0088B18E = {
						CreatedOnToolsVersion = 6.3;
					};
					11681E5F1B0BC29C0088B18E = {
						CreatedOnToolsVersion = 6.3;
						TestTargetID = 11681E461B0BC29C0088B18E;
					};
				};
			};
			buildConfigurationList = 11681E421B0BC29C0088B18E /* Build configuration list for PBXProject "FallbackTableExample" */;
			compatibilityVersion = "Xcode 3.2";
			developmentRegion = English;
			hasScannedForEncodings = 0;
			knownRegions = (
				en,
				Base,
			);
			mainGroup = 11681E3E1B0BC29C0088B18E;
			productRefGroup = 11681E481B0BC29C0088B18E /* Products */;
			projectDirPath = "";
			projectRoot = "";
			targets = (
				11681E461B0BC29C0088B18E /* FallbackTableExample */,
				11681E5F1B0BC29C0088B18E /* FallbackTableExampleTests */,
			);
		};
/* End PBXProject section */

/* Begin PBXResourcesBuildPhase section */
		11681E451B0BC29C0088B18E /* Resources */ = {
			isa = PBXResourcesBuildPhase;
			buildActionMask = 2147483647;
			files = (
				11681E781B0BC36D0088B18E /* FallbackView.xib in Resources */,
				11681E7D1B0BC3D20088B18E /* LaunchScreen.storyboard in Resources */,
				11681E561B0BC29C0088B18E /* Main.storyboard in Resources */,
				11681E581B0BC29C0088B18E /* Images.xcassets in Resources */,
			);
			runOnlyForDeploymentPostprocessing = 0;
		};
		11681E5E1B0BC29C0088B18E /* Resources */ = {
			isa = PBXResourcesBuildPhase;
			buildActionMask = 2147483647;
			files = (
			);
			runOnlyForDeploymentPostprocessing = 0;
		};
/* End PBXResourcesBuildPhase section */

/* Begin PBXSourcesBuildPhase section */
		11681E431B0BC29C0088B18E /* Sources */ = {
			isa = PBXSourcesBuildPhase;
			buildActionMask = 2147483647;
			files = (
				11681E771B0BC36D0088B18E /* FallbackView.m in Sources */,
				11681E7B1B0BC3A90088B18E /* MyTableViewController.m in Sources */,
				11681E761B0BC36D0088B18E /* FallbackTableViewController.m in Sources */,
				11681E501B0BC29C0088B18E /* AppDelegate.m in Sources */,
				11681E4D1B0BC29C0088B18E /* main.m in Sources */,
			);
			runOnlyForDeploymentPostprocessing = 0;
		};
		11681E5C1B0BC29C0088B18E /* Sources */ = {
			isa = PBXSourcesBuildPhase;
			buildActionMask = 2147483647;
			files = (
				11681E671B0BC29C0088B18E /* FallbackTableExampleTests.m in Sources */,
			);
			runOnlyForDeploymentPostprocessing = 0;
		};
/* End PBXSourcesBuildPhase section */

/* Begin PBXTargetDependency section */
		11681E621B0BC29C0088B18E /* PBXTargetDependency */ = {
			isa = PBXTargetDependency;
			target = 11681E461B0BC29C0088B18E /* FallbackTableExample */;
			targetProxy = 11681E611B0BC29C0088B18E /* PBXContainerItemProxy */;
		};
/* End PBXTargetDependency section */

/* Begin PBXVariantGroup section */
		11681E541B0BC29C0088B18E /* Main.storyboard */ = {
			isa = PBXVariantGroup;
			children = (
				11681E551B0BC29C0088B18E /* Base */,
			);
			name = Main.storyboard;
			sourceTree = "<group>";
		};
/* End PBXVariantGroup section */

/* Begin XCBuildConfiguration section */
		11681E681B0BC29C0088B18E /* Debug */ = {
			isa = XCBuildConfiguration;
			buildSettings = {
				ALWAYS_SEARCH_USER_PATHS = NO;
				CLANG_CXX_LANGUAGE_STANDARD = "gnu++0x";
				CLANG_CXX_LIBRARY = "libc++";
				CLANG_ENABLE_MODULES = YES;
				CLANG_ENABLE_OBJC_ARC = YES;
				CLANG_WARN_BOOL_CONVERSION = YES;
				CLANG_WARN_CONSTANT_CONVERSION = YES;
				CLANG_WARN_DIRECT_OBJC_ISA_USAGE = YES_ERROR;
				CLANG_WARN_EMPTY_BODY = YES;
				CLANG_WARN_ENUM_CONVERSION = YES;
				CLANG_WARN_INT_CONVERSION = YES;
				CLANG_WARN_OBJC_ROOT_CLASS = YES_ERROR;
				CLANG_WARN_UNREACHABLE_CODE = YES;
				CLANG_WARN__DUPLICATE_METHOD_MATCH = YES;
				"CODE_SIGN_IDENTITY[sdk=iphoneos*]" = "iPhone Developer";
				COPY_PHASE_STRIP = NO;
				DEBUG_INFORMATION_FORMAT = "dwarf-with-dsym";
				ENABLE_STRICT_OBJC_MSGSEND = YES;
				GCC_C_LANGUAGE_STANDARD = gnu99;
				GCC_DYNAMIC_NO_PIC = NO;
				GCC_NO_COMMON_BLOCKS = YES;
				GCC_OPTIMIZATION_LEVEL = 0;
				GCC_PREPROCESSOR_DEFINITIONS = (
					"DEBUG=1",
					"$(inherited)",
				);
				GCC_SYMBOLS_PRIVATE_EXTERN = NO;
				GCC_WARN_64_TO_32_BIT_CONVERSION = YES;
				GCC_WARN_ABOUT_RETURN_TYPE = YES_ERROR;
				GCC_WARN_UNDECLARED_SELECTOR = YES;
				GCC_WARN_UNINITIALIZED_AUTOS = YES_AGGRESSIVE;
				GCC_WARN_UNUSED_FUNCTION = YES;
				GCC_WARN_UNUSED_VARIABLE = YES;
				IPHONEOS_DEPLOYMENT_TARGET = 8.3;
				MTL_ENABLE_DEBUG_INFO = YES;
				ONLY_ACTIVE_ARCH = YES;
				SDKROOT = iphoneos;
			};
			name = Debug;
		};
		11681E691B0BC29C0088B18E /* Release */ = {
			isa = XCBuildConfiguration;
			buildSettings = {
				ALWAYS_SEARCH_USER_PATHS = NO;
				CLANG_CXX_LANGUAGE_STANDARD = "gnu++0x";
				CLANG_CXX_LIBRARY = "libc++";
				CLANG_ENABLE_MODULES = YES;
				CLANG_ENABLE_OBJC_ARC = YES;
				CLANG_WARN_BOOL_CONVERSION = YES;
				CLANG_WARN_CONSTANT_CONVERSION = YES;
				CLANG_WARN_DIRECT_OBJC_ISA_USAGE = YES_ERROR;
				CLANG_WARN_EMPTY_BODY = YES;
				CLANG_WARN_ENUM_CONVERSION = YES;
				CLANG_WARN_INT_CONVERSION = YES;
				CLANG_WARN_OBJC_ROOT_CLASS = YES_ERROR;
				CLANG_WARN_UNREACHABLE_CODE = YES;
				CLANG_WARN__DUPLICATE_METHOD_MATCH = YES;
				"CODE_SIGN_IDENTITY[sdk=iphoneos*]" = "iPhone Developer";
				COPY_PHASE_STRIP = NO;
				DEBUG_INFORMATION_FORMAT = "dwarf-with-dsym";
				ENABLE_NS_ASSERTIONS = NO;
				ENABLE_STRICT_OBJC_MSGSEND = YES;
				GCC_C_LANGUAGE_STANDARD = gnu99;
				GCC_NO_COMMON_BLOCKS = YES;
				GCC_WARN_64_TO_32_BIT_CONVERSION = YES;
				GCC_WARN_ABOUT_RETURN_TYPE = YES_ERROR;
				GCC_WARN_UNDECLARED_SELECTOR = YES;
				GCC_WARN_UNINITIALIZED_AUTOS = YES_AGGRESSIVE;
				GCC_WARN_UNUSED_FUNCTION = YES;
				GCC_WARN_UNUSED_VARIABLE = YES;
				IPHONEOS_DEPLOYMENT_TARGET = 8.3;
				MTL_ENABLE_DEBUG_INFO = NO;
				SDKROOT = iphoneos;
				VALIDATE_PRODUCT = YES;
			};
			name = Release;
		};
		11681E6B1B0BC29C0088B18E /* Debug */ = {
			isa = XCBuildConfiguration;
			buildSettings = {
				ASSETCATALOG_COMPILER_APPICON_NAME = AppIcon;
				INFOPLIST_FILE = FallbackTableExample/Info.plist;
				IPHONEOS_DEPLOYMENT_TARGET = 8.0;
				LD_RUNPATH_SEARCH_PATHS = "$(inherited) @executable_path/Frameworks";
				PRODUCT_NAME = "$(TARGET_NAME)";
			};
			name = Debug;
		};
		11681E6C1B0BC29C0088B18E /* Release */ = {
			isa = XCBuildConfiguration;
			buildSettings = {
				ASSETCATALOG_COMPILER_APPICON_NAME = AppIcon;
				INFOPLIST_FILE = FallbackTableExample/Info.plist;
				IPHONEOS_DEPLOYMENT_TARGET = 8.0;
				LD_RUNPATH_SEARCH_PATHS = "$(inherited) @executable_path/Frameworks";
				PRODUCT_NAME = "$(TARGET_NAME)";
			};
			name = Release;
		};
		11681E6E1B0BC29C0088B18E /* Debug */ = {
			isa = XCBuildConfiguration;
			buildSettings = {
				BUNDLE_LOADER = "$(TEST_HOST)";
				FRAMEWORK_SEARCH_PATHS = (
					"$(SDKROOT)/Developer/Library/Frameworks",
					"$(inherited)",
				);
				GCC_PREPROCESSOR_DEFINITIONS = (
					"DEBUG=1",
					"$(inherited)",
				);
				INFOPLIST_FILE = FallbackTableExampleTests/Info.plist;
				LD_RUNPATH_SEARCH_PATHS = "$(inherited) @executable_path/Frameworks @loader_path/Frameworks";
				PRODUCT_NAME = "$(TARGET_NAME)";
				TEST_HOST = "$(BUILT_PRODUCTS_DIR)/FallbackTableExample.app/FallbackTableExample";
			};
			name = Debug;
		};
		11681E6F1B0BC29C0088B18E /* Release */ = {
			isa = XCBuildConfiguration;
			buildSettings = {
				BUNDLE_LOADER = "$(TEST_HOST)";
				FRAMEWORK_SEARCH_PATHS = (
					"$(SDKROOT)/Developer/Library/Frameworks",
					"$(inherited)",
				);
				INFOPLIST_FILE = FallbackTableExampleTests/Info.plist;
				LD_RUNPATH_SEARCH_PATHS = "$(inherited) @executable_path/Frameworks @loader_path/Frameworks";
				PRODUCT_NAME = "$(TARGET_NAME)";
				TEST_HOST = "$(BUILT_PRODUCTS_DIR)/FallbackTableExample.app/FallbackTableExample";
			};
			name = Release;
		};
/* End XCBuildConfiguration section */

/* Begin XCConfigurationList section */
		11681E421B0BC29C0088B18E /* Build configuration list for PBXProject "FallbackTableExample" */ = {
			isa = XCConfigurationList;
			buildConfigurations = (
				11681E681B0BC29C0088B18E /* Debug */,
				11681E691B0BC29C0088B18E /* Release */,
			);
			defaultConfigurationIsVisible = 0;
			defaultConfigurationName = Release;
		};
		11681E6A1B0BC29C0088B18E /* Build configuration list for PBXNativeTarget "FallbackTableExample" */ = {
			isa = XCConfigurationList;
			buildConfigurations = (
				11681E6B1B0BC29C0088B18E /* Debug */,
				11681E6C1B0BC29C0088B18E /* Release */,
			);
			defaultConfigurationIsVisible = 0;
		};
		11681E6D1B0BC29C0088B18E /* Build configuration list for PBXNativeTarget "FallbackTableExampleTests" */ = {
			isa = XCConfigurationList;
			buildConfigurations = (
				11681E6E1B0BC29C0088B18E /* Debug */,
				11681E6F1B0BC29C0088B18E /* Release */,
			);
			defaultConfigurationIsVisible = 0;
		};
/* End XCConfigurationList section */
	};
	rootObject = 11681E3F1B0BC29C0088B18E /* Project object */;
}
